// !$*UTF8*$!
{
	archiveVersion = 1;
	classes = {
	};
	objectVersion = 77;
	objects = {

/* Begin PBXBuildFile section */
		82CC9D012FDC900000B32264 /* FootballCore in Frameworks */ = {isa = PBXBuildFile; productRef = 82CC9D002FDC900000B32264 /* FootballCore */; };
		82CC9D032FDC900000B32264 /* FootballAPI in Frameworks */ = {isa = PBXBuildFile; productRef = 82CC9D022FDC900000B32264 /* FootballAPI */; };
		82CC9D052FDC900000B32264 /* FootballStorage in Frameworks */ = {isa = PBXBuildFile; productRef = 82CC9D042FDC900000B32264 /* FootballStorage */; };
		82CC9D072FDC900000B32264 /* FootballManager in Frameworks */ = {isa = PBXBuildFile; productRef = 82CC9D062FDC900000B32264 /* FootballManager */; };
		D100000000000000000000C1 /* FootballCore in Frameworks */ = {isa = PBXBuildFile; productRef = D100000000000000000000B1 /* FootballCore */; };
		D100000000000000000000C2 /* FootballAPI in Frameworks */ = {isa = PBXBuildFile; productRef = D100000000000000000000B2 /* FootballAPI */; };
		D100000000000000000000C3 /* FootballStorage in Frameworks */ = {isa = PBXBuildFile; productRef = D100000000000000000000B3 /* FootballStorage */; };
		D100000000000000000000C4 /* FootballManager in Frameworks */ = {isa = PBXBuildFile; productRef = D100000000000000000000B4 /* FootballManager */; };
		D100000000000000000000C5 /* FootballPresentation in Frameworks */ = {isa = PBXBuildFile; productRef = D100000000000000000000B5 /* FootballPresentation */; };
		D100000000000000000000D3 /* FootballPresentation in Frameworks */ = {isa = PBXBuildFile; productRef = D100000000000000000000D2 /* FootballPresentation */; };
		D100000000000000000000E2 /* footballWatch.app in Embed Watch Content */ = {isa = PBXBuildFile; fileRef = D100000000000000000000A2 /* footballWatch.app */; settings = {ATTRIBUTES = (RemoveHeadersOnCopy, ); }; };
		D200000000000000000000C1 /* FootballCore in Frameworks */ = {isa = PBXBuildFile; productRef = D200000000000000000000B1 /* FootballCore */; };
		D200000000000000000000C2 /* FootballAPI in Frameworks */ = {isa = PBXBuildFile; productRef = D200000000000000000000B2 /* FootballAPI */; };
		D200000000000000000000C3 /* FootballStorage in Frameworks */ = {isa = PBXBuildFile; productRef = D200000000000000000000B3 /* FootballStorage */; };
		D200000000000000000000C4 /* FootballManager in Frameworks */ = {isa = PBXBuildFile; productRef = D200000000000000000000B4 /* FootballManager */; };
		D200000000000000000000C5 /* FootballPresentation in Frameworks */ = {isa = PBXBuildFile; productRef = D200000000000000000000B5 /* FootballPresentation */; };
		D200000000000000000000E2 /* footballWidget.appex in Embed Foundation Extensions */ = {isa = PBXBuildFile; fileRef = D200000000000000000000A2 /* footballWidget.appex */; settings = {ATTRIBUTES = (RemoveHeadersOnCopy, ); }; };
/* End PBXBuildFile section */

/* Begin PBXContainerItemProxy section */
		D100000000000000000000E4 /* PBXContainerItemProxy */ = {
			isa = PBXContainerItemProxy;
			containerPortal = 82CC9CC32FDC88AE00B32264 /* Project object */;
			proxyType = 1;
			remoteGlobalIDString = D100000000000000000000A3;
			remoteInfo = footballWatch;
		};
		D200000000000000000000E4 /* PBXContainerItemProxy */ = {
			isa = PBXContainerItemProxy;
			containerPortal = 82CC9CC32FDC88AE00B32264 /* Project object */;
			proxyType = 1;
			remoteGlobalIDString = D200000000000000000000A3;
			remoteInfo = footballWidget;
		};
/* End PBXContainerItemProxy section */

/* Begin PBXCopyFilesBuildPhase section */
		D100000000000000000000E1 /* Embed Watch Content */ = {
			isa = PBXCopyFilesBuildPhase;
			buildActionMask = 2147483647;
			dstPath = "$(CONTENTS_FOLDER_PATH)/Watch";
			dstSubfolderSpec = 16;
			files = (
				D100000000000000000000E2 /* footballWatch.app in Embed Watch Content */,
			);
			name = "Embed Watch Content";
			runOnlyForDeploymentPostprocessing = 0;
		};
		D200000000000000000000E1 /* Embed Foundation Extensions */ = {
			isa = PBXCopyFilesBuildPhase;
			buildActionMask = 2147483647;
			dstPath = "";
			dstSubfolderSpec = 13;
			files = (
				D200000000000000000000E2 /* footballWidget.appex in Embed Foundation Extensions */,
			);
			name = "Embed Foundation Extensions";
			runOnlyForDeploymentPostprocessing = 0;
		};
/* End PBXCopyFilesBuildPhase section */

/* Begin PBXFileReference section */
		82CC9CCB2FDC88AE00B32264 /* football.app */ = {isa = PBXFileReference; explicitFileType = wrapper.application; includeInIndex = 0; path = football.app; sourceTree = BUILT_PRODUCTS_DIR; };
		D100000000000000000000A2 /* footballWatch.app */ = {isa = PBXFileReference; explicitFileType = wrapper.application; includeInIndex = 0; path = footballWatch.app; sourceTree = BUILT_PRODUCTS_DIR; };
		D200000000000000000000A2 /* footballWidget.appex */ = {isa = PBXFileReference; explicitFileType = "wrapper.app-extension"; includeInIndex = 0; path = footballWidget.appex; sourceTree = BUILT_PRODUCTS_DIR; };
/* End PBXFileReference section */

/* Begin PBXFileSystemSynchronizedBuildFileExceptionSet section */
		D200000000000000000000F0 /* Exceptions for "footballWidget" folder in "footballWidget" target */ = {
			isa = PBXFileSystemSynchronizedBuildFileExceptionSet;
			membershipExceptions = (
				Info.plist,
				Support/Secrets.swift.sample,
			);
			target = D200000000000000000000A3 /* footballWidget */;
		};
		D300000000000000000000F1 /* Exceptions for "football" folder in "football" target */ = {
			isa = PBXFileSystemSynchronizedBuildFileExceptionSet;
			membershipExceptions = (
				Info.plist,
			);
			target = 82CC9CCA2FDC88AE00B32264 /* football */;
		};
/* End PBXFileSystemSynchronizedBuildFileExceptionSet section */

/* Begin PBXFileSystemSynchronizedRootGroup section */
		82CC9CCD2FDC88AE00B32264 /* football */ = {
			isa = PBXFileSystemSynchronizedRootGroup;
			exceptions = (
				D300000000000000000000F1 /* Exceptions for "football" folder in "football" target */,
			);
			path = football;
			sourceTree = "<group>";
		};
		D100000000000000000000A1 /* footballWatch */ = {
			isa = PBXFileSystemSynchronizedRootGroup;
			path = footballWatch;
			sourceTree = "<group>";
		};
		D200000000000000000000A1 /* footballWidget */ = {
			isa = PBXFileSystemSynchronizedRootGroup;
			exceptions = (
				D200000000000000000000F0 /* Exceptions for "footballWidget" folder in "footballWidget" target */,
			);
			path = footballWidget;
			sourceTree = "<group>";
		};
/* End PBXFileSystemSynchronizedRootGroup section */

/* Begin PBXFrameworksBuildPhase section */
		82CC9CC82FDC88AE00B32264 /* Frameworks */ = {
			isa = PBXFrameworksBuildPhase;
			buildActionMask = 2147483647;
			files = (
				82CC9D012FDC900000B32264 /* FootballCore in Frameworks */,
				82CC9D032FDC900000B32264 /* FootballAPI in Frameworks */,
				82CC9D052FDC900000B32264 /* FootballStorage in Frameworks */,
				82CC9D072FDC900000B32264 /* FootballManager in Frameworks */,
				D100000000000000000000D3 /* FootballPresentation in Frameworks */,
			);
			runOnlyForDeploymentPostprocessing = 0;
		};
		D100000000000000000000A5 /* Frameworks */ = {
			isa = PBXFrameworksBuildPhase;
			buildActionMask = 2147483647;
			files = (
				D100000000000000000000C1 /* FootballCore in Frameworks */,
				D100000000000000000000C2 /* FootballAPI in Frameworks */,
				D100000000000000000000C3 /* FootballStorage in Frameworks */,
				D100000000000000000000C4 /* FootballManager in Frameworks */,
				D100000000000000000000C5 /* FootballPresentation in Frameworks */,
			);
			runOnlyForDeploymentPostprocessing = 0;
		};
		D200000000000000000000A5 /* Frameworks */ = {
			isa = PBXFrameworksBuildPhase;
			buildActionMask = 2147483647;
			files = (
				D200000000000000000000C1 /* FootballCore in Frameworks */,
				D200000000000000000000C2 /* FootballAPI in Frameworks */,
				D200000000000000000000C3 /* FootballStorage in Frameworks */,
				D200000000000000000000C4 /* FootballManager in Frameworks */,
				D200000000000000000000C5 /* FootballPresentation in Frameworks */,
			);
			runOnlyForDeploymentPostprocessing = 0;
		};
/* End PBXFrameworksBuildPhase section */

/* Begin PBXGroup section */
		82CC9CC22FDC88AE00B32264 = {
			isa = PBXGroup;
			children = (
				82CC9CCD2FDC88AE00B32264 /* football */,
				D100000000000000000000A1 /* footballWatch */,
				D200000000000000000000A1 /* footballWidget */,
				82CC9CCC2FDC88AE00B32264 /* Products */,
			);
			sourceTree = "<group>";
		};
		82CC9CCC2FDC88AE00B32264 /* Products */ = {
			isa = PBXGroup;
			children = (
				82CC9CCB2FDC88AE00B32264 /* football.app */,
				D100000000000000000000A2 /* footballWatch.app */,
				D200000000000000000000A2 /* footballWidget.appex */,
			);
			name = Products;
			sourceTree = "<group>";
		};
/* End PBXGroup section */

/* Begin PBXNativeTarget section */
		82CC9CCA2FDC88AE00B32264 /* football */ = {
			isa = PBXNativeTarget;
			buildConfigurationList = 82CC9CD62FDC88AE00B32264 /* Build configuration list for PBXNativeTarget "football" */;
			buildPhases = (
				82CC9CC72FDC88AE00B32264 /* Sources */,
				82CC9CC82FDC88AE00B32264 /* Frameworks */,
				82CC9CC92FDC88AE00B32264 /* Resources */,
				D100000000000000000000E1 /* Embed Watch Content */,
				D200000000000000000000E1 /* Embed Foundation Extensions */,
			);
			buildRules = (
			);
			dependencies = (
				D100000000000000000000E3 /* PBXTargetDependency */,
				D200000000000000000000E3 /* PBXTargetDependency */,
			);
			fileSystemSynchronizedGroups = (
				82CC9CCD2FDC88AE00B32264 /* football */,
			);
			name = football;
			packageProductDependencies = (
				82CC9D002FDC900000B32264 /* FootballCore */,
				82CC9D022FDC900000B32264 /* FootballAPI */,
				82CC9D042FDC900000B32264 /* FootballStorage */,
				82CC9D062FDC900000B32264 /* FootballManager */,
				D100000000000000000000D2 /* FootballPresentation */,
			);
			productName = football;
			productReference = 82CC9CCB2FDC88AE00B32264 /* football.app */;
			productType = "com.apple.product-type.application";
		};
		D100000000000000000000A3 /* footballWatch */ = {
			isa = PBXNativeTarget;
			buildConfigurationList = D100000000000000000000A7 /* Build configuration list for PBXNativeTarget "footballWatch" */;
			buildPhases = (
				D100000000000000000000A4 /* Sources */,
				D100000000000000000000A5 /* Frameworks */,
				D100000000000000000000A6 /* Resources */,
			);
			buildRules = (
			);
			dependencies = (
			);
			fileSystemSynchronizedGroups = (
				D100000000000000000000A1 /* footballWatch */,
			);
			name = footballWatch;
			packageProductDependencies = (
				D100000000000000000000B1 /* FootballCore */,
				D100000000000000000000B2 /* FootballAPI */,
				D100000000000000000000B3 /* FootballStorage */,
				D100000000000000000000B4 /* FootballManager */,
				D100000000000000000000B5 /* FootballPresentation */,
			);
			productName = footballWatch;
			productReference = D100000000000000000000A2 /* footballWatch.app */;
			productType = "com.apple.product-type.application";
		};
		D200000000000000000000A3 /* footballWidget */ = {
			isa = PBXNativeTarget;
			buildConfigurationList = D200000000000000000000A7 /* Build configuration list for PBXNativeTarget "footballWidget" */;
			buildPhases = (
				D200000000000000000000A4 /* Sources */,
				D200000000000000000000A5 /* Frameworks */,
				D200000000000000000000A6 /* Resources */,
			);
			buildRules = (
			);
			dependencies = (
			);
			fileSystemSynchronizedGroups = (
				D200000000000000000000A1 /* footballWidget */,
			);
			name = footballWidget;
			packageProductDependencies = (
				D200000000000000000000B1 /* FootballCore */,
				D200000000000000000000B2 /* FootballAPI */,
				D200000000000000000000B3 /* FootballStorage */,
				D200000000000000000000B4 /* FootballManager */,
				D200000000000000000000B5 /* FootballPresentation */,
			);
			productName = footballWidget;
			productReference = D200000000000000000000A2 /* footballWidget.appex */;
			productType = "com.apple.product-type.app-extension";
		};
/* End PBXNativeTarget section */

/* Begin PBXProject section */
		82CC9CC32FDC88AE00B32264 /* Project object */ = {
			isa = PBXProject;
			attributes = {
				BuildIndependentTargetsInParallel = 1;
				LastSwiftUpdateCheck = 2640;
				LastUpgradeCheck = 2640;
				TargetAttributes = {
					82CC9CCA2FDC88AE00B32264 = {
						CreatedOnToolsVersion = 26.4.1;
					};
					D100000000000000000000A3 = {
						CreatedOnToolsVersion = 26.4.1;
					};
					D200000000000000000000A3 = {
						CreatedOnToolsVersion = 26.4.1;
					};
				};
			};
			buildConfigurationList = 82CC9CC62FDC88AE00B32264 /* Build configuration list for PBXProject "football" */;
			developmentRegion = en;
			hasScannedForEncodings = 0;
			knownRegions = (
				en,
				Base,
				"pt-BR",
			);
			mainGroup = 82CC9CC22FDC88AE00B32264;
			minimizedProjectReferenceProxies = 1;
			packageReferences = (
				82CC9D082FDC900000B32264 /* XCLocalSwiftPackageReference "Packages/FootballCore" */,
				82CC9D092FDC900000B32264 /* XCLocalSwiftPackageReference "Packages/FootballAPI" */,
				82CC9D0A2FDC900000B32264 /* XCLocalSwiftPackageReference "Packages/FootballStorage" */,
				82CC9D0B2FDC900000B32264 /* XCLocalSwiftPackageReference "Packages/FootballManager" */,
				D100000000000000000000D1 /* XCLocalSwiftPackageReference "Packages/FootballPresentation" */,
			);
			preferredProjectObjectVersion = 77;
			productRefGroup = 82CC9CCC2FDC88AE00B32264 /* Products */;
			projectDirPath = "";
			projectRoot = "";
			targets = (
				82CC9CCA2FDC88AE00B32264 /* football */,
				D100000000000000000000A3 /* footballWatch */,
				D200000000000000000000A3 /* footballWidget */,
			);
		};
/* End PBXProject section */

/* Begin PBXResourcesBuildPhase section */
		82CC9CC92FDC88AE00B32264 /* Resources */ = {
			isa = PBXResourcesBuildPhase;
			buildActionMask = 2147483647;
			files = (
			);
			runOnlyForDeploymentPostprocessing = 0;
		};
		D100000000000000000000A6 /* Resources */ = {
			isa = PBXResourcesBuildPhase;
			buildActionMask = 2147483647;
			files = (
			);
			runOnlyForDeploymentPostprocessing = 0;
		};
		D200000000000000000000A6 /* Resources */ = {
			isa = PBXResourcesBuildPhase;
			buildActionMask = 2147483647;
			files = (
			);
			runOnlyForDeploymentPostprocessing = 0;
		};
/* End PBXResourcesBuildPhase section */

/* Begin PBXSourcesBuildPhase section */
		82CC9CC72FDC88AE00B32264 /* Sources */ = {
			isa = PBXSourcesBuildPhase;
			buildActionMask = 2147483647;
			files = (
			);
			runOnlyForDeploymentPostprocessing = 0;
		};
		D100000000000000000000A4 /* Sources */ = {
			isa = PBXSourcesBuildPhase;
			buildActionMask = 2147483647;
			files = (
			);
			runOnlyForDeploymentPostprocessing = 0;
		};
		D200000000000000000000A4 /* Sources */ = {
			isa = PBXSourcesBuildPhase;
			buildActionMask = 2147483647;
			files = (
			);
			runOnlyForDeploymentPostprocessing = 0;
		};
/* End PBXSourcesBuildPhase section */

/* Begin PBXTargetDependency section */
		D100000000000000000000E3 /* PBXTargetDependency */ = {
			isa = PBXTargetDependency;
			target = D100000000000000000000A3 /* footballWatch */;
			targetProxy = D100000000000000000000E4 /* PBXContainerItemProxy */;
		};
		D200000000000000000000E3 /* PBXTargetDependency */ = {
			isa = PBXTargetDependency;
			target = D200000000000000000000A3 /* footballWidget */;
			targetProxy = D200000000000000000000E4 /* PBXContainerItemProxy */;
		};
/* End PBXTargetDependency section */

/* Begin XCBuildConfiguration section */
		82CC9CD42FDC88AE00B32264 /* Debug */ = {
			isa = XCBuildConfiguration;
			buildSettings = {
				ALWAYS_SEARCH_USER_PATHS = NO;
				ASSETCATALOG_COMPILER_GENERATE_SWIFT_ASSET_SYMBOL_EXTENSIONS = YES;
				CLANG_ANALYZER_NONNULL = YES;
				CLANG_ANALYZER_NUMBER_OBJECT_CONVERSION = YES_AGGRESSIVE;
				CLANG_CXX_LANGUAGE_STANDARD = "gnu++20";
				CLANG_ENABLE_MODULES = YES;
				CLANG_ENABLE_OBJC_ARC = YES;
				CLANG_ENABLE_OBJC_WEAK = YES;
				CLANG_WARN_BLOCK_CAPTURE_AUTORELEASING = YES;
				CLANG_WARN_BOOL_CONVERSION = YES;
				CLANG_WARN_COMMA = YES;
				CLANG_WARN_CONSTANT_CONVERSION = YES;
				CLANG_WARN_DEPRECATED_OBJC_IMPLEMENTATIONS = YES;
				CLANG_WARN_DIRECT_OBJC_ISA_USAGE = YES_ERROR;
				CLANG_WARN_DOCUMENTATION_COMMENTS = YES;
				CLANG_WARN_EMPTY_BODY = YES;
				CLANG_WARN_ENUM_CONVERSION = YES;
				CLANG_WARN_INFINITE_RECURSION = YES;
				CLANG_WARN_INT_CONVERSION = YES;
				CLANG_WARN_NON_LITERAL_NULL_CONVERSION = YES;
				CLANG_WARN_OBJC_IMPLICIT_RETAIN_SELF = YES;
				CLANG_WARN_OBJC_LITERAL_CONVERSION = YES;
				CLANG_WARN_OBJC_ROOT_CLASS = YES_ERROR;
				CLANG_WARN_QUOTED_INCLUDE_IN_FRAMEWORK_HEADER = YES;
				CLANG_WARN_RANGE_LOOP_ANALYSIS = YES;
				CLANG_WARN_STRICT_PROTOTYPES = YES;
				CLANG_WARN_SUSPICIOUS_MOVE = YES;
				CLANG_WARN_UNGUARDED_AVAILABILITY = YES_AGGRESSIVE;
				CLANG_WARN_UNREACHABLE_CODE = YES;
				CLANG_WARN__DUPLICATE_METHOD_MATCH = YES;
				COPY_PHASE_STRIP = NO;
				DEBUG_INFORMATION_FORMAT = dwarf;
				DEVELOPMENT_TEAM = 6CEJZ72DDU;
				ENABLE_STRICT_OBJC_MSGSEND = YES;
				ENABLE_TESTABILITY = YES;
				ENABLE_USER_SCRIPT_SANDBOXING = YES;
				GCC_C_LANGUAGE_STANDARD = gnu17;
				GCC_DYNAMIC_NO_PIC = NO;
				GCC_NO_COMMON_BLOCKS = YES;
				GCC_OPTIMIZATION_LEVEL = 0;
				GCC_PREPROCESSOR_DEFINITIONS = (
					"DEBUG=1",
					"$(inherited)",
				);
				GCC_WARN_64_TO_32_BIT_CONVERSION = YES;
				GCC_WARN_ABOUT_RETURN_TYPE = YES_ERROR;
				GCC_WARN_UNDECLARED_SELECTOR = YES;
				GCC_WARN_UNINITIALIZED_AUTOS = YES_AGGRESSIVE;
				GCC_WARN_UNUSED_FUNCTION = YES;
				GCC_WARN_UNUSED_VARIABLE = YES;
				LOCALIZATION_PREFERS_STRING_CATALOGS = YES;
				MTL_ENABLE_DEBUG_INFO = INCLUDE_SOURCE;
				MTL_FAST_MATH = YES;
				ONLY_ACTIVE_ARCH = YES;
				SWIFT_ACTIVE_COMPILATION_CONDITIONS = "DEBUG $(inherited)";
				SWIFT_OPTIMIZATION_LEVEL = "-Onone";
			};
			name = Debug;
		};
		82CC9CD52FDC88AE00B32264 /* Release */ = {
			isa = XCBuildConfiguration;
			buildSettings = {
				ALWAYS_SEARCH_USER_PATHS = NO;
				ASSETCATALOG_COMPILER_GENERATE_SWIFT_ASSET_SYMBOL_EXTENSIONS = YES;
				CLANG_ANALYZER_NONNULL = YES;
				CLANG_ANALYZER_NUMBER_OBJECT_CONVERSION = YES_AGGRESSIVE;
				CLANG_CXX_LANGUAGE_STANDARD = "gnu++20";
				CLANG_ENABLE_MODULES = YES;
				CLANG_ENABLE_OBJC_ARC = YES;
				CLANG_ENABLE_OBJC_WEAK = YES;
				CLANG_WARN_BLOCK_CAPTURE_AUTORELEASING = YES;
				CLANG_WARN_BOOL_CONVERSION = YES;
				CLANG_WARN_COMMA = YES;
				CLANG_WARN_CONSTANT_CONVERSION = YES;
				CLANG_WARN_DEPRECATED_OBJC_IMPLEMENTATIONS = YES;
				CLANG_WARN_DIRECT_OBJC_ISA_USAGE = YES_ERROR;
				CLANG_WARN_DOCUMENTATION_COMMENTS = YES;
				CLANG_WARN_EMPTY_BODY = YES;
				CLANG_WARN_ENUM_CONVERSION = YES;
				CLANG_WARN_INFINITE_RECURSION = YES;
				CLANG_WARN_INT_CONVERSION = YES;
				CLANG_WARN_NON_LITERAL_NULL_CONVERSION = YES;
				CLANG_WARN_OBJC_IMPLICIT_RETAIN_SELF = YES;
				CLANG_WARN_OBJC_LITERAL_CONVERSION = YES;
				CLANG_WARN_OBJC_ROOT_CLASS = YES_ERROR;
				CLANG_WARN_QUOTED_INCLUDE_IN_FRAMEWORK_HEADER = YES;
				CLANG_WARN_RANGE_LOOP_ANALYSIS = YES;
				CLANG_WARN_STRICT_PROTOTYPES = YES;
				CLANG_WARN_SUSPICIOUS_MOVE = YES;
				CLANG_WARN_UNGUARDED_AVAILABILITY = YES_AGGRESSIVE;
				CLANG_WARN_UNREACHABLE_CODE = YES;
				CLANG_WARN__DUPLICATE_METHOD_MATCH = YES;
				COPY_PHASE_STRIP = NO;
				DEBUG_INFORMATION_FORMAT = "dwarf-with-dsym";
				DEVELOPMENT_TEAM = 6CEJZ72DDU;
				ENABLE_NS_ASSERTIONS = NO;
				ENABLE_STRICT_OBJC_MSGSEND = YES;
				ENABLE_USER_SCRIPT_SANDBOXING = YES;
				GCC_C_LANGUAGE_STANDARD = gnu17;
				GCC_NO_COMMON_BLOCKS = YES;
				GCC_WARN_64_TO_32_BIT_CONVERSION = YES;
				GCC_WARN_ABOUT_RETURN_TYPE = YES_ERROR;
				GCC_WARN_UNDECLARED_SELECTOR = YES;
				GCC_WARN_UNINITIALIZED_AUTOS = YES_AGGRESSIVE;
				GCC_WARN_UNUSED_FUNCTION = YES;
				GCC_WARN_UNUSED_VARIABLE = YES;
				LOCALIZATION_PREFERS_STRING_CATALOGS = YES;
				MTL_ENABLE_DEBUG_INFO = NO;
				MTL_FAST_MATH = YES;
				SWIFT_COMPILATION_MODE = wholemodule;
			};
			name = Release;
		};
		82CC9CD72FDC88AE00B32264 /* Debug */ = {
			isa = XCBuildConfiguration;
			buildSettings = {
				ASSETCATALOG_COMPILER_APPICON_NAME = AppIcon;
				ASSETCATALOG_COMPILER_GLOBAL_ACCENT_COLOR_NAME = AccentColor;
				CODE_SIGN_ENTITLEMENTS = football/football.entitlements;
				CODE_SIGN_STYLE = Automatic;
				CURRENT_PROJECT_VERSION = 3;
				DEVELOPMENT_TEAM = 6CEJZ72DDU;
				ENABLE_APP_SANDBOX = YES;
				ENABLE_HARDENED_RUNTIME = YES;
				ENABLE_PREVIEWS = YES;
				ENABLE_USER_SELECTED_FILES = readonly;
				GENERATE_INFOPLIST_FILE = YES;
				INFOPLIST_FILE = football/Info.plist;
				INFOPLIST_KEY_ITSAppUsesNonExemptEncryption = NO;
				INFOPLIST_KEY_NSSupportsLiveActivities = YES;
				"INFOPLIST_KEY_UIApplicationSceneManifest_Generation[sdk=iphoneos*]" = YES;
				"INFOPLIST_KEY_UIApplicationSceneManifest_Generation[sdk=iphonesimulator*]" = YES;
				"INFOPLIST_KEY_UIApplicationSupportsIndirectInputEvents[sdk=iphoneos*]" = YES;
				"INFOPLIST_KEY_UIApplicationSupportsIndirectInputEvents[sdk=iphonesimulator*]" = YES;
				"INFOPLIST_KEY_UILaunchScreen_Generation[sdk=iphoneos*]" = YES;
				"INFOPLIST_KEY_UILaunchScreen_Generation[sdk=iphonesimulator*]" = YES;
				"INFOPLIST_KEY_UIStatusBarStyle[sdk=iphoneos*]" = UIStatusBarStyleDefault;
				"INFOPLIST_KEY_UIStatusBarStyle[sdk=iphonesimulator*]" = UIStatusBarStyleDefault;
				INFOPLIST_KEY_UISupportedInterfaceOrientations_iPad = "UIInterfaceOrientationPortrait UIInterfaceOrientationPortraitUpsideDown UIInterfaceOrientationLandscapeLeft UIInterfaceOrientationLandscapeRight";
				INFOPLIST_KEY_UISupportedInterfaceOrientations_iPhone = "UIInterfaceOrientationPortrait UIInterfaceOrientationLandscapeLeft UIInterfaceOrientationLandscapeRight";
				IPHONEOS_DEPLOYMENT_TARGET = 26.4;
				LD_RUNPATH_SEARCH_PATHS = "@executable_path/Frameworks";
				"LD_RUNPATH_SEARCH_PATHS[sdk=macosx*]" = "@executable_path/../Frameworks";
				MACOSX_DEPLOYMENT_TARGET = 26.4;
				MARKETING_VERSION = 1.3;
				PRODUCT_BUNDLE_IDENTIFIER = app.zeneto.football;
				PRODUCT_NAME = "$(TARGET_NAME)";
				REGISTER_APP_GROUPS = YES;
				SDKROOT = auto;
				STRING_CATALOG_GENERATE_SYMBOLS = YES;
				SUPPORTED_PLATFORMS = "iphoneos iphonesimulator";
				SUPPORTS_MACCATALYST = NO;
				SWIFT_APPROACHABLE_CONCURRENCY = YES;
				SWIFT_DEFAULT_ACTOR_ISOLATION = MainActor;
				SWIFT_EMIT_LOC_STRINGS = YES;
				SWIFT_UPCOMING_FEATURE_MEMBER_IMPORT_VISIBILITY = YES;
				SWIFT_VERSION = 5.0;
				TARGETED_DEVICE_FAMILY = "1,2";
				XROS_DEPLOYMENT_TARGET = 26.4;
			};
			name = Debug;
		};
		82CC9CD82FDC88AE00B32264 /* Release */ = {
			isa = XCBuildConfiguration;
			buildSettings = {
				ASSETCATALOG_COMPILER_APPICON_NAME = AppIcon;
				ASSETCATALOG_COMPILER_GLOBAL_ACCENT_COLOR_NAME = AccentColor;
				CODE_SIGN_ENTITLEMENTS = football/football.entitlements;
				CODE_SIGN_STYLE = Automatic;
				CURRENT_PROJECT_VERSION = 3;
				DEVELOPMENT_TEAM = 6CEJZ72DDU;
				ENABLE_APP_SANDBOX = YES;
				ENABLE_HARDENED_RUNTIME = YES;
				ENABLE_PREVIEWS = YES;
				ENABLE_USER_SELECTED_FILES = readonly;
				GENERATE_INFOPLIST_FILE = YES;
				INFOPLIST_FILE = football/Info.plist;
				INFOPLIST_KEY_ITSAppUsesNonExemptEncryption = NO;
				INFOPLIST_KEY_NSSupportsLiveActivities = YES;
				"INFOPLIST_KEY_UIApplicationSceneManifest_Generation[sdk=iphoneos*]" = YES;
				"INFOPLIST_KEY_UIApplicationSceneManifest_Generation[sdk=iphonesimulator*]" = YES;
				"INFOPLIST_KEY_UIApplicationSupportsIndirectInputEvents[sdk=iphoneos*]" = YES;
				"INFOPLIST_KEY_UIApplicationSupportsIndirectInputEvents[sdk=iphonesimulator*]" = YES;
				"INFOPLIST_KEY_UILaunchScreen_Generation[sdk=iphoneos*]" = YES;
				"INFOPLIST_KEY_UILaunchScreen_Generation[sdk=iphonesimulator*]" = YES;
				"INFOPLIST_KEY_UIStatusBarStyle[sdk=iphoneos*]" = UIStatusBarStyleDefault;
				"INFOPLIST_KEY_UIStatusBarStyle[sdk=iphonesimulator*]" = UIStatusBarStyleDefault;
				INFOPLIST_KEY_UISupportedInterfaceOrientations_iPad = "UIInterfaceOrientationPortrait UIInterfaceOrientationPortraitUpsideDown UIInterfaceOrientationLandscapeLeft UIInterfaceOrientationLandscapeRight";
				INFOPLIST_KEY_UISupportedInterfaceOrientations_iPhone = "UIInterfaceOrientationPortrait UIInterfaceOrientationLandscapeLeft UIInterfaceOrientationLandscapeRight";
				IPHONEOS_DEPLOYMENT_TARGET = 26.4;
				LD_RUNPATH_SEARCH_PATHS = "@executable_path/Frameworks";
				"LD_RUNPATH_SEARCH_PATHS[sdk=macosx*]" = "@executable_path/../Frameworks";
				MACOSX_DEPLOYMENT_TARGET = 26.4;
				MARKETING_VERSION = 1.3;
				PRODUCT_BUNDLE_IDENTIFIER = app.zeneto.football;
				PRODUCT_NAME = "$(TARGET_NAME)";
				REGISTER_APP_GROUPS = YES;
				SDKROOT = auto;
				STRING_CATALOG_GENERATE_SYMBOLS = YES;
				SUPPORTED_PLATFORMS = "iphoneos iphonesimulator";
				SUPPORTS_MACCATALYST = NO;
				SWIFT_APPROACHABLE_CONCURRENCY = YES;
				SWIFT_DEFAULT_ACTOR_ISOLATION = MainActor;
				SWIFT_EMIT_LOC_STRINGS = YES;
				SWIFT_UPCOMING_FEATURE_MEMBER_IMPORT_VISIBILITY = YES;
				SWIFT_VERSION = 5.0;
				TARGETED_DEVICE_FAMILY = "1,2";
				XROS_DEPLOYMENT_TARGET = 26.4;
			};
			name = Release;
		};
		D100000000000000000000A8 /* Debug */ = {
			isa = XCBuildConfiguration;
			buildSettings = {
				ASSETCATALOG_COMPILER_APPICON_NAME = AppIcon;
				ASSETCATALOG_COMPILER_GENERATE_SWIFT_ASSET_SYMBOL_EXTENSIONS = YES;
				ASSETCATALOG_COMPILER_GLOBAL_ACCENT_COLOR_NAME = AccentColor;
				CODE_SIGN_IDENTITY = "Apple Development";
				CODE_SIGN_STYLE = Automatic;
				CURRENT_PROJECT_VERSION = 3;
				DEVELOPMENT_TEAM = 6CEJZ72DDU;
				ENABLE_PREVIEWS = YES;
				GENERATE_INFOPLIST_FILE = YES;
				INFOPLIST_KEY_CFBundleDisplayName = Football;
				INFOPLIST_KEY_ITSAppUsesNonExemptEncryption = NO;
				INFOPLIST_KEY_WKApplication = YES;
				INFOPLIST_KEY_WKCompanionAppBundleIdentifier = app.zeneto.football;
				LD_RUNPATH_SEARCH_PATHS = "@executable_path/Frameworks";
				MARKETING_VERSION = 1.2;
				PRODUCT_BUNDLE_IDENTIFIER = app.zeneto.football.watch;
				PRODUCT_NAME = "$(TARGET_NAME)";
				PROVISIONING_PROFILE_SPECIFIER = "";
				SDKROOT = watchos;
				SKIP_INSTALL = YES;
				STRING_CATALOG_GENERATE_SYMBOLS = YES;
				SUPPORTED_PLATFORMS = "watchos watchsimulator";
				SWIFT_ACTIVE_COMPILATION_CONDITIONS = "DEBUG $(inherited)";
				SWIFT_APPROACHABLE_CONCURRENCY = YES;
				SWIFT_DEFAULT_ACTOR_ISOLATION = MainActor;
				SWIFT_EMIT_LOC_STRINGS = YES;
				SWIFT_OPTIMIZATION_LEVEL = "-Onone";
				SWIFT_UPCOMING_FEATURE_MEMBER_IMPORT_VISIBILITY = YES;
				SWIFT_VERSION = 5.0;
				TARGETED_DEVICE_FAMILY = 4;
				WATCHOS_DEPLOYMENT_TARGET = 26.0;
			};
			name = Debug;
		};
		D100000000000000000000A9 /* Release */ = {
			isa = XCBuildConfiguration;
			buildSettings = {
				ASSETCATALOG_COMPILER_APPICON_NAME = AppIcon;
				ASSETCATALOG_COMPILER_GENERATE_SWIFT_ASSET_SYMBOL_EXTENSIONS = YES;
				ASSETCATALOG_COMPILER_GLOBAL_ACCENT_COLOR_NAME = AccentColor;
				CODE_SIGN_IDENTITY = "Apple Development";
				CODE_SIGN_STYLE = Automatic;
				CURRENT_PROJECT_VERSION = 3;
				DEVELOPMENT_TEAM = 6CEJZ72DDU;
				ENABLE_PREVIEWS = YES;
				GENERATE_INFOPLIST_FILE = YES;
				INFOPLIST_KEY_CFBundleDisplayName = Football;
				INFOPLIST_KEY_ITSAppUsesNonExemptEncryption = NO;
				INFOPLIST_KEY_WKApplication = YES;
				INFOPLIST_KEY_WKCompanionAppBundleIdentifier = app.zeneto.football;
				LD_RUNPATH_SEARCH_PATHS = "@executable_path/Frameworks";
				MARKETING_VERSION = 1.2;
				PRODUCT_BUNDLE_IDENTIFIER = app.zeneto.football.watch;
				PRODUCT_NAME = "$(TARGET_NAME)";
				PROVISIONING_PROFILE_SPECIFIER = "";
				SDKROOT = watchos;
				SKIP_INSTALL = YES;
				STRING_CATALOG_GENERATE_SYMBOLS = YES;
				SUPPORTED_PLATFORMS = "watchos watchsimulator";
				SWIFT_APPROACHABLE_CONCURRENCY = YES;
				SWIFT_DEFAULT_ACTOR_ISOLATION = MainActor;
				SWIFT_EMIT_LOC_STRINGS = YES;
				SWIFT_UPCOMING_FEATURE_MEMBER_IMPORT_VISIBILITY = YES;
				SWIFT_VERSION = 5.0;
				TARGETED_DEVICE_FAMILY = 4;
				WATCHOS_DEPLOYMENT_TARGET = 26.0;
			};
			name = Release;
		};
		D200000000000000000000A8 /* Debug */ = {
			isa = XCBuildConfiguration;
			buildSettings = {
				ASSETCATALOG_COMPILER_GENERATE_SWIFT_ASSET_SYMBOL_EXTENSIONS = YES;
				ASSETCATALOG_COMPILER_GLOBAL_ACCENT_COLOR_NAME = AccentColor;
				CODE_SIGN_ENTITLEMENTS = footballWidget/footballWidget.entitlements;
				CODE_SIGN_STYLE = Automatic;
				CURRENT_PROJECT_VERSION = 3;
				DEVELOPMENT_TEAM = 6CEJZ72DDU;
				GENERATE_INFOPLIST_FILE = YES;
				INFOPLIST_FILE = footballWidget/Info.plist;
				INFOPLIST_KEY_CFBundleDisplayName = "Just Football";
				IPHONEOS_DEPLOYMENT_TARGET = 26.4;
				LD_RUNPATH_SEARCH_PATHS = (
					"@executable_path/Frameworks",
					"@executable_path/../../Frameworks",
				);
				MARKETING_VERSION = 1.2;
				PRODUCT_BUNDLE_IDENTIFIER = app.zeneto.football.widget;
				PRODUCT_NAME = "$(TARGET_NAME)";
				SDKROOT = iphoneos;
				SKIP_INSTALL = YES;
				STRING_CATALOG_GENERATE_SYMBOLS = YES;
				SUPPORTED_PLATFORMS = "iphoneos iphonesimulator";
				SWIFT_ACTIVE_COMPILATION_CONDITIONS = "DEBUG $(inherited)";
				SWIFT_APPROACHABLE_CONCURRENCY = YES;
				SWIFT_DEFAULT_ACTOR_ISOLATION = MainActor;
				SWIFT_EMIT_LOC_STRINGS = YES;
				SWIFT_OPTIMIZATION_LEVEL = "-Onone";
				SWIFT_UPCOMING_FEATURE_MEMBER_IMPORT_VISIBILITY = YES;
				SWIFT_VERSION = 5.0;
				TARGETED_DEVICE_FAMILY = "1,2";
			};
			name = Debug;
		};
		D200000000000000000000A9 /* Release */ = {
			isa = XCBuildConfiguration;
			buildSettings = {
				ASSETCATALOG_COMPILER_GENERATE_SWIFT_ASSET_SYMBOL_EXTENSIONS = YES;
				ASSETCATALOG_COMPILER_GLOBAL_ACCENT_COLOR_NAME = AccentColor;
				CODE_SIGN_ENTITLEMENTS = footballWidget/footballWidget.entitlements;
				CODE_SIGN_STYLE = Automatic;
				CURRENT_PROJECT_VERSION = 3;
				DEVELOPMENT_TEAM = 6CEJZ72DDU;
				GENERATE_INFOPLIST_FILE = YES;
				INFOPLIST_FILE = footballWidget/Info.plist;
				INFOPLIST_KEY_CFBundleDisplayName = "Just Football";
				IPHONEOS_DEPLOYMENT_TARGET = 26.4;
				LD_RUNPATH_SEARCH_PATHS = (
					"@executable_path/Frameworks",
					"@executable_path/../../Frameworks",
				);
				MARKETING_VERSION = 1.2;
				PRODUCT_BUNDLE_IDENTIFIER = app.zeneto.football.widget;
				PRODUCT_NAME = "$(TARGET_NAME)";
				SDKROOT = iphoneos;
				SKIP_INSTALL = YES;
				STRING_CATALOG_GENERATE_SYMBOLS = YES;
				SUPPORTED_PLATFORMS = "iphoneos iphonesimulator";
				SWIFT_APPROACHABLE_CONCURRENCY = YES;
				SWIFT_COMPILATION_MODE = wholemodule;
				SWIFT_DEFAULT_ACTOR_ISOLATION = MainActor;
				SWIFT_EMIT_LOC_STRINGS = YES;
				SWIFT_UPCOMING_FEATURE_MEMBER_IMPORT_VISIBILITY = YES;
				SWIFT_VERSION = 5.0;
				TARGETED_DEVICE_FAMILY = "1,2";
			};
			name = Release;
		};
/* End XCBuildConfiguration section */

/* Begin XCConfigurationList section */
		82CC9CC62FDC88AE00B32264 /* Build configuration list for PBXProject "football" */ = {
			isa = XCConfigurationList;
			buildConfigurations = (
				82CC9CD42FDC88AE00B32264 /* Debug */,
				82CC9CD52FDC88AE00B32264 /* Release */,
			);
			defaultConfigurationIsVisible = 0;
			defaultConfigurationName = Release;
		};
		82CC9CD62FDC88AE00B32264 /* Build configuration list for PBXNativeTarget "football" */ = {
			isa = XCConfigurationList;
			buildConfigurations = (
				82CC9CD72FDC88AE00B32264 /* Debug */,
				82CC9CD82FDC88AE00B32264 /* Release */,
			);
			defaultConfigurationIsVisible = 0;
			defaultConfigurationName = Release;
		};
		D100000000000000000000A7 /* Build configuration list for PBXNativeTarget "footballWatch" */ = {
			isa = XCConfigurationList;
			buildConfigurations = (
				D100000000000000000000A8 /* Debug */,
				D100000000000000000000A9 /* Release */,
			);
			defaultConfigurationIsVisible = 0;
			defaultConfigurationName = Release;
		};
		D200000000000000000000A7 /* Build configuration list for PBXNativeTarget "footballWidget" */ = {
			isa = XCConfigurationList;
			buildConfigurations = (
				D200000000000000000000A8 /* Debug */,
				D200000000000000000000A9 /* Release */,
			);
			defaultConfigurationIsVisible = 0;
			defaultConfigurationName = Release;
		};
/* End XCConfigurationList section */

/* Begin XCLocalSwiftPackageReference section */
		82CC9D082FDC900000B32264 /* XCLocalSwiftPackageReference "Packages/FootballCore" */ = {
			isa = XCLocalSwiftPackageReference;
			relativePath = Packages/FootballCore;
		};
		82CC9D092FDC900000B32264 /* XCLocalSwiftPackageReference "Packages/FootballAPI" */ = {
			isa = XCLocalSwiftPackageReference;
			relativePath = Packages/FootballAPI;
		};
		82CC9D0A2FDC900000B32264 /* XCLocalSwiftPackageReference "Packages/FootballStorage" */ = {
			isa = XCLocalSwiftPackageReference;
			relativePath = Packages/FootballStorage;
		};
		82CC9D0B2FDC900000B32264 /* XCLocalSwiftPackageReference "Packages/FootballManager" */ = {
			isa = XCLocalSwiftPackageReference;
			relativePath = Packages/FootballManager;
		};
		D100000000000000000000D1 /* XCLocalSwiftPackageReference "Packages/FootballPresentation" */ = {
			isa = XCLocalSwiftPackageReference;
			relativePath = Packages/FootballPresentation;
		};
/* End XCLocalSwiftPackageReference section */

/* Begin XCSwiftPackageProductDependency section */
		82CC9D002FDC900000B32264 /* FootballCore */ = {
			isa = XCSwiftPackageProductDependency;
			productName = FootballCore;
		};
		82CC9D022FDC900000B32264 /* FootballAPI */ = {
			isa = XCSwiftPackageProductDependency;
			productName = FootballAPI;
		};
		82CC9D042FDC900000B32264 /* FootballStorage */ = {
			isa = XCSwiftPackageProductDependency;
			productName = FootballStorage;
		};
		82CC9D062FDC900000B32264 /* FootballManager */ = {
			isa = XCSwiftPackageProductDependency;
			productName = FootballManager;
		};
		D100000000000000000000B1 /* FootballCore */ = {
			isa = XCSwiftPackageProductDependency;
			productName = FootballCore;
		};
		D100000000000000000000B2 /* FootballAPI */ = {
			isa = XCSwiftPackageProductDependency;
			productName = FootballAPI;
		};
		D100000000000000000000B3 /* FootballStorage */ = {
			isa = XCSwiftPackageProductDependency;
			productName = FootballStorage;
		};
		D100000000000000000000B4 /* FootballManager */ = {
			isa = XCSwiftPackageProductDependency;
			productName = FootballManager;
		};
		D100000000000000000000B5 /* FootballPresentation */ = {
			isa = XCSwiftPackageProductDependency;
			productName = FootballPresentation;
		};
		D100000000000000000000D2 /* FootballPresentation */ = {
			isa = XCSwiftPackageProductDependency;
			productName = FootballPresentation;
		};
		D200000000000000000000B1 /* FootballCore */ = {
			isa = XCSwiftPackageProductDependency;
			productName = FootballCore;
		};
		D200000000000000000000B2 /* FootballAPI */ = {
			isa = XCSwiftPackageProductDependency;
			productName = FootballAPI;
		};
		D200000000000000000000B3 /* FootballStorage */ = {
			isa = XCSwiftPackageProductDependency;
			productName = FootballStorage;
		};
		D200000000000000000000B4 /* FootballManager */ = {
			isa = XCSwiftPackageProductDependency;
			productName = FootballManager;
		};
		D200000000000000000000B5 /* FootballPresentation */ = {
			isa = XCSwiftPackageProductDependency;
			productName = FootballPresentation;
		};
/* End XCSwiftPackageProductDependency section */
	};
	rootObject = 82CC9CC32FDC88AE00B32264 /* Project object */;
}
